
Microsoft Visual Studio Solution File, Format Version 12.00
# Visual Studio Version 16
VisualStudioVersion = 16.0.32602.291
MinimumVisualStudioVersion = 10.0.40219.1
Project("{FAE04EC0-301F-11D3-BF4B-00C04F79EFBC}") = "SocialNetwork", "SocialNetwork\SocialNetwork.csproj", "{CD22D854-BC2C-4CCB-97C1-AC21FCF3B432}"
EndProject
Global
	GlobalSection(SolutionConfigurationPlatforms) = preSolution
		Debug|Any CPU = Debug|Any CPU
		Release|Any CPU = Release|Any CPU
	EndGlobalSection
	GlobalSection(ProjectConfigurationPlatforms) = postSolution
		{CD22D854-BC2C-4CCB-97C1-AC21FCF3B432}.Debug|Any CPU.ActiveCfg = Debug|Any CPU
		{CD22D854-BC2C-4CCB-97C1-AC21FCF3B432}.Debug|Any CPU.Build.0 = Debug|Any CPU
		{CD22D854-BC2C-4CCB-97C1-AC21FCF3B432}.Release|Any CPU.ActiveCfg = Release|Any CPU
		{CD22D854-BC2C-4CCB-97C1-AC21FCF3B432}.Release|Any CPU.Build.0 = Release|Any CPU
	EndGlobalSection
	GlobalSection(SolutionProperties) = preSolution
		HideSolutionNode = FALSE
	EndGlobalSection
	GlobalSection(ExtensibilityGlobals) = postSolution
		SolutionGuid = {EC6EA004-A0C0-4900-9339-8FCC040774DA}
	EndGlobalSection
EndGlobal
